
Microsoft Visual Studio Solution File, Format Version 12.00
# Visual Studio 15
VisualStudioVersion = 15.0.28307.168
MinimumVisualStudioVersion = 10.0.40219.1
Project("{FAE04EC0-301F-11D3-BF4B-00C04F79EFBC}") = "HelloWorld.Android", "HelloWorld\HelloWorld.Android\HelloWorld.Android.csproj", "{27171B7F-31E3-404E-A473-9CD696FDAE52}"
EndProject
Project("{FAE04EC0-301F-11D3-BF4B-00C04F79EFBC}") = "HelloWorld.iOS", "HelloWorld\HelloWorld.iOS\HelloWorld.iOS.csproj", "{2255DBC4-60EF-4D51-9087-17A2BA967331}"
EndProject
Project("{FAE04EC0-301F-11D3-BF4B-00C04F79EFBC}") = "HelloWorld", "HelloWorld\HelloWorld\HelloWorld.csproj", "{68FD6194-192B-44FC-86CF-8DF6D88F1EB5}"
EndProject
Global
	GlobalSection(SolutionConfigurationPlatforms) = preSolution
		Ad-Hoc|Any CPU = Ad-Hoc|Any CPU
		Ad-Hoc|iPhone = Ad-Hoc|iPhone
		Ad-Hoc|iPhoneSimulator = Ad-Hoc|iPhoneSimulator
		AppStore|Any CPU = AppStore|Any CPU
		AppStore|iPhone = AppStore|iPhone
		AppStore|iPhoneSimulator = AppStore|iPhoneSimulator
		Debug|Any CPU = Debug|Any CPU
		Debug|iPhone = Debug|iPhone
		Debug|iPhoneSimulator = Debug|iPhoneSimulator
		Release|Any CPU = Release|Any CPU
		Release|iPhone = Release|iPhone
		Release|iPhoneSimulator = Release|iPhoneSimulator
	EndGlobalSection
	GlobalSection(ProjectConfigurationPlatforms) = postSolution
		{27171B7F-31E3-404E-A473-9CD696FDAE52}.Ad-Hoc|Any CPU.ActiveCfg = Release|Any CPU
		{27171B7F-31E3-404E-A473-9CD696FDAE52}.Ad-Hoc|Any CPU.Build.0 = Release|Any CPU
		{27171B7F-31E3-404E-A473-9CD696FDAE52}.Ad-Hoc|Any CPU.Deploy.0 = Release|Any CPU
		{27171B7F-31E3-404E-A473-9CD696FDAE52}.Ad-Hoc|iPhone.ActiveCfg = Release|Any CPU
		{27171B7F-31E3-404E-A473-9CD696FDAE52}.Ad-Hoc|iPhone.Build.0 = Release|Any CPU
		{27171B7F-31E3-404E-A473-9CD696FDAE52}.Ad-Hoc|iPhone.Deploy.0 = Release|Any CPU
		{27171B7F-31E3-404E-A473-9CD696FDAE52}.Ad-Hoc|iPhoneSimulator.ActiveCfg = Release|Any CPU
		{27171B7F-31E3-404E-A473-9CD696FDAE52}.Ad-Hoc|iPhoneSimulator.Build.0 = Release|Any CPU
		{27171B7F-31E3-404E-A473-9CD696FDAE52}.Ad-Hoc|iPhoneSimulator.Deploy.0 = Release|Any CPU
		{27171B7F-31E3-404E-A473-9CD696FDAE52}.AppStore|Any CPU.ActiveCfg = Release|Any CPU
		{27171B7F-31E3-404E-A473-9CD696FDAE52}.AppStore|Any CPU.Build.0 = Release|Any CPU
		{27171B7F-31E3-404E-A473-9CD696FDAE52}.AppStore|Any CPU.Deploy.0 = Release|Any CPU
		{27171B7F-31E3-404E-A473-9CD696FDAE52}.AppStore|iPhone.ActiveCfg = Release|Any CPU
		{27171B7F-31E3-404E-A473-9CD696FDAE52}.AppStore|iPhone.Build.0 = Release|Any CPU
		{27171B7F-31E3-404E-A473-9CD696FDAE52}.AppStore|iPhone.Deploy.0 = Release|Any CPU
		{27171B7F-31E3-404E-A473-9CD696FDAE52}.AppStore|iPhoneSimulator.ActiveCfg = Release|Any CPU
		{27171B7F-31E3-404E-A473-9CD696FDAE52}.AppStore|iPhoneSimulator.Build.0 = Release|Any CPU
		{27171B7F-31E3-404E-A473-9CD696FDAE52}.AppStore|iPhoneSimulator.Deploy.0 = Release|Any CPU
		{27171B7F-31E3-404E-A473-9CD696FDAE52}.Debug|Any CPU.ActiveCfg = Debug|Any CPU
		{27171B7F-31E3-404E-A473-9CD696FDAE52}.Debug|Any CPU.Build.0 = Debug|Any CPU
		{27171B7F-31E3-404E-A473-9CD696FDAE52}.Debug|Any CPU.Deploy.0 = Debug|Any CPU
		{27171B7F-31E3-404E-A473-9CD696FDAE52}.Debug|iPhone.ActiveCfg = Debug|Any CPU
		{27171B7F-31E3-404E-A473-9CD696FDAE52}.Debug|iPhone.Build.0 = Debug|Any CPU
		{27171B7F-31E3-404E-A473-9CD696FDAE52}.Debug|iPhone.Deploy.0 = Debug|Any CPU
		{27171B7F-31E3-404E-A473-9CD696FDAE52}.Debug|iPhoneSimulator.ActiveCfg = Debug|Any CPU
		{27171B7F-31E3-404E-A473-9CD696FDAE52}.Debug|iPhoneSimulator.Build.0 = Debug|Any CPU
		{27171B7F-31E3-404E-A473-9CD696FDAE52}.Debug|iPhoneSimulator.Deploy.0 = Debug|Any CPU
		{27171B7F-31E3-404E-A473-9CD696FDAE52}.Release|Any CPU.ActiveCfg = Release|Any CPU
		{27171B7F-31E3-404E-A473-9CD696FDAE52}.Release|Any CPU.Build.0 = Release|Any CPU
		{27171B7F-31E3-404E-A473-9CD696FDAE52}.Release|Any CPU.Deploy.0 = Release|Any CPU
		{27171B7F-31E3-404E-A473-9CD696FDAE52}.Release|iPhone.ActiveCfg = Release|Any CPU
		{27171B7F-31E3-404E-A473-9CD696FDAE52}.Release|iPhone.Build.0 = Release|Any CPU
		{27171B7F-31E3-404E-A473-9CD696FDAE52}.Release|iPhone.Deploy.0 = Release|Any CPU
		{27171B7F-31E3-404E-A473-9CD696FDAE52}.Release|iPhoneSimulator.ActiveCfg = Release|Any CPU
		{27171B7F-31E3-404E-A473-9CD696FDAE52}.Release|iPhoneSimulator.Build.0 = Release|Any CPU
		{27171B7F-31E3-404E-A473-9CD696FDAE52}.Release|iPhoneSimulator.Deploy.0 = Release|Any CPU
		{2255DBC4-60EF-4D51-9087-17A2BA967331}.Ad-Hoc|Any CPU.ActiveCfg = Ad-Hoc|iPhone
		{2255DBC4-60EF-4D51-9087-17A2BA967331}.Ad-Hoc|Any CPU.Build.0 = Ad-Hoc|iPhone
		{2255DBC4-60EF-4D51-9087-17A2BA967331}.Ad-Hoc|Any CPU.Deploy.0 = Ad-Hoc|iPhone
		{2255DBC4-60EF-4D51-9087-17A2BA967331}.Ad-Hoc|iPhone.ActiveCfg = Ad-Hoc|iPhone
		{2255DBC4-60EF-4D51-9087-17A2BA967331}.Ad-Hoc|iPhone.Build.0 = Ad-Hoc|iPhone
		{2255DBC4-60EF-4D51-9087-17A2BA967331}.Ad-Hoc|iPhone.Deploy.0 = Ad-Hoc|iPhone
		{2255DBC4-60EF-4D51-9087-17A2BA967331}.Ad-Hoc|iPhoneSimulator.ActiveCfg = Ad-Hoc|iPhoneSimulator
		{2255DBC4-60EF-4D51-9087-17A2BA967331}.Ad-Hoc|iPhoneSimulator.Build.0 = Ad-Hoc|iPhoneSimulator
		{2255DBC4-60EF-4D51-9087-17A2BA967331}.Ad-Hoc|iPhoneSimulator.Deploy.0 = Ad-Hoc|iPhoneSimulator
		{2255DBC4-60EF-4D51-9087-17A2BA967331}.AppStore|Any CPU.ActiveCfg = AppStore|iPhone
		{2255DBC4-60EF-4D51-9087-17A2BA967331}.AppStore|Any CPU.Build.0 = AppStore|iPhone
		{2255DBC4-60EF-4D51-9087-17A2BA967331}.AppStore|Any CPU.Deploy.0 = AppStore|iPhone
		{2255DBC4-60EF-4D51-9087-17A2BA967331}.AppStore|iPhone.ActiveCfg = AppStore|iPhone
		{2255DBC4-60EF-4D51-9087-17A2BA967331}.AppStore|iPhone.Build.0 = AppStore|iPhone
		{2255DBC4-60EF-4D51-9087-17A2BA967331}.AppStore|iPhone.Deploy.0 = AppStore|iPhone
		{2255DBC4-60EF-4D51-9087-17A2BA967331}.AppStore|iPhoneSimulator.ActiveCfg = AppStore|iPhoneSimulator
		{2255DBC4-60EF-4D51-9087-17A2BA967331}.AppStore|iPhoneSimulator.Build.0 = AppStore|iPhoneSimulator
		{2255DBC4-60EF-4D51-9087-17A2BA967331}.AppStore|iPhoneSimulator.Deploy.0 = AppStore|iPhoneSimulator
		{2255DBC4-60EF-4D51-9087-17A2BA967331}.Debug|Any CPU.ActiveCfg = Debug|iPhoneSimulator
		{2255DBC4-60EF-4D51-9087-17A2BA967331}.Debug|Any CPU.Build.0 = Debug|iPhoneSimulator
		{2255DBC4-60EF-4D51-9087-17A2BA967331}.Debug|Any CPU.Deploy.0 = Debug|iPhoneSimulator
		{2255DBC4-60EF-4D51-9087-17A2BA967331}.Debug|iPhone.ActiveCfg = Debug|iPhone
		{2255DBC4-60EF-4D51-9087-17A2BA967331}.Debug|iPhone.Build.0 = Debug|iPhone
		{2255DBC4-60EF-4D51-9087-17A2BA967331}.Debug|iPhone.Deploy.0 = Debug|iPhone
		{2255DBC4-60EF-4D51-9087-17A2BA967331}.Debug|iPhoneSimulator.ActiveCfg = Debug|iPhoneSimulator
		{2255DBC4-60EF-4D51-9087-17A2BA967331}.Debug|iPhoneSimulator.Build.0 = Debug|iPhoneSimulator
		{2255DBC4-60EF-4D51-9087-17A2BA967331}.Debug|iPhoneSimulator.Deploy.0 = Debug|iPhoneSimulator
		{2255DBC4-60EF-4D51-9087-17A2BA967331}.Release|Any CPU.ActiveCfg = Release|iPhone
		{2255DBC4-60EF-4D51-9087-17A2BA967331}.Release|Any CPU.Build.0 = Release|iPhone
		{2255DBC4-60EF-4D51-9087-17A2BA967331}.Release|Any CPU.Deploy.0 = Release|iPhone
		{2255DBC4-60EF-4D51-9087-17A2BA967331}.Release|iPhone.ActiveCfg = Release|iPhone
		{2255DBC4-60EF-4D51-9087-17A2BA967331}.Release|iPhone.Build.0 = Release|iPhone
		{2255DBC4-60EF-4D51-9087-17A2BA967331}.Release|iPhone.Deploy.0 = Release|iPhone
		{2255DBC4-60EF-4D51-9087-17A2BA967331}.Release|iPhoneSimulator.ActiveCfg = Release|iPhoneSimulator
		{2255DBC4-60EF-4D51-9087-17A2BA967331}.Release|iPhoneSimulator.Build.0 = Release|iPhoneSimulator
		{2255DBC4-60EF-4D51-9087-17A2BA967331}.Release|iPhoneSimulator.Deploy.0 = Release|iPhoneSimulator
		{68FD6194-192B-44FC-86CF-8DF6D88F1EB5}.Ad-Hoc|Any CPU.ActiveCfg = Debug|Any CPU
		{68FD6194-192B-44FC-86CF-8DF6D88F1EB5}.Ad-Hoc|Any CPU.Build.0 = Debug|Any CPU
		{68FD6194-192B-44FC-86CF-8DF6D88F1EB5}.Ad-Hoc|Any CPU.Deploy.0 = Debug|Any CPU
		{68FD6194-192B-44FC-86CF-8DF6D88F1EB5}.Ad-Hoc|iPhone.ActiveCfg = Debug|Any CPU
		{68FD6194-192B-44FC-86CF-8DF6D88F1EB5}.Ad-Hoc|iPhone.Build.0 = Debug|Any CPU
		{68FD6194-192B-44FC-86CF-8DF6D88F1EB5}.Ad-Hoc|iPhone.Deploy.0 = Debug|Any CPU
		{68FD6194-192B-44FC-86CF-8DF6D88F1EB5}.Ad-Hoc|iPhoneSimulator.ActiveCfg = Debug|Any CPU
		{68FD6194-192B-44FC-86CF-8DF6D88F1EB5}.Ad-Hoc|iPhoneSimulator.Build.0 = Debug|Any CPU
		{68FD6194-192B-44FC-86CF-8DF6D88F1EB5}.Ad-Hoc|iPhoneSimulator.Deploy.0 = Debug|Any CPU
		{68FD6194-192B-44FC-86CF-8DF6D88F1EB5}.AppStore|Any CPU.ActiveCfg = Debug|Any CPU
		{68FD6194-192B-44FC-86CF-8DF6D88F1EB5}.AppStore|Any CPU.Build.0 = Debug|Any CPU
		{68FD6194-192B-44FC-86CF-8DF6D88F1EB5}.AppStore|Any CPU.Deploy.0 = Debug|Any CPU
		{68FD6194-192B-44FC-86CF-8DF6D88F1EB5}.AppStore|iPhone.ActiveCfg = Debug|Any CPU
		{68FD6194-192B-44FC-86CF-8DF6D88F1EB5}.AppStore|iPhone.Build.0 = Debug|Any CPU
		{68FD6194-192B-44FC-86CF-8DF6D88F1EB5}.AppStore|iPhone.Deploy.0 = Debug|Any CPU
		{68FD6194-192B-44FC-86CF-8DF6D88F1EB5}.AppStore|iPhoneSimulator.ActiveCfg = Debug|Any CPU
		{68FD6194-192B-44FC-86CF-8DF6D88F1EB5}.AppStore|iPhoneSimulator.Build.0 = Debug|Any CPU
		{68FD6194-192B-44FC-86CF-8DF6D88F1EB5}.AppStore|iPhoneSimulator.Deploy.0 = Debug|Any CPU
		{68FD6194-192B-44FC-86CF-8DF6D88F1EB5}.Debug|Any CPU.ActiveCfg = Debug|Any CPU
		{68FD6194-192B-44FC-86CF-8DF6D88F1EB5}.Debug|Any CPU.Build.0 = Debug|Any CPU
		{68FD6194-192B-44FC-86CF-8DF6D88F1EB5}.Debug|Any CPU.Deploy.0 = Debug|Any CPU
		{68FD6194-192B-44FC-86CF-8DF6D88F1EB5}.Debug|iPhone.ActiveCfg = Debug|Any CPU
		{68FD6194-192B-44FC-86CF-8DF6D88F1EB5}.Debug|iPhone.Build.0 = Debug|Any CPU
		{68FD6194-192B-44FC-86CF-8DF6D88F1EB5}.Debug|iPhone.Deploy.0 = Debug|Any CPU
		{68FD6194-192B-44FC-86CF-8DF6D88F1EB5}.Debug|iPhoneSimulator.ActiveCfg = Debug|Any CPU
		{68FD6194-192B-44FC-86CF-8DF6D88F1EB5}.Debug|iPhoneSimulator.Build.0 = Debug|Any CPU
		{68FD6194-192B-44FC-86CF-8DF6D88F1EB5}.Debug|iPhoneSimulator.Deploy.0 = Debug|Any CPU
		{68FD6194-192B-44FC-86CF-8DF6D88F1EB5}.Release|Any CPU.ActiveCfg = Release|Any CPU
		{68FD6194-192B-44FC-86CF-8DF6D88F1EB5}.Release|Any CPU.Build.0 = Release|Any CPU
		{68FD6194-192B-44FC-86CF-8DF6D88F1EB5}.Release|Any CPU.Deploy.0 = Release|Any CPU
		{68FD6194-192B-44FC-86CF-8DF6D88F1EB5}.Release|iPhone.ActiveCfg = Release|Any CPU
		{68FD6194-192B-44FC-86CF-8DF6D88F1EB5}.Release|iPhone.Build.0 = Release|Any CPU
		{68FD6194-192B-44FC-86CF-8DF6D88F1EB5}.Release|iPhone.Deploy.0 = Release|Any CPU
		{68FD6194-192B-44FC-86CF-8DF6D88F1EB5}.Release|iPhoneSimulator.ActiveCfg = Release|Any CPU
		{68FD6194-192B-44FC-86CF-8DF6D88F1EB5}.Release|iPhoneSimulator.Build.0 = Release|Any CPU
		{68FD6194-192B-44FC-86CF-8DF6D88F1EB5}.Release|iPhoneSimulator.Deploy.0 = Release|Any CPU
	EndGlobalSection
	GlobalSection(SolutionProperties) = preSolution
		HideSolutionNode = FALSE
	EndGlobalSection
	GlobalSection(ExtensibilityGlobals) = postSolution
		SolutionGuid = {822C7CD6-7571-476E-8BEF-58E9A6B16D30}
	EndGlobalSection
EndGlobal
